
Microsoft Visual Studio Solution File, Format Version 12.00
# Visual Studio Version 16
VisualStudioVersion = 16.0.32901.82
MinimumVisualStudioVersion = 10.0.40219.1
Project("{FAE04EC0-301F-11D3-BF4B-00C04F79EFBC}") = "Ejercicio12", "Ejercicio12\Ejercicio12.csproj", "{F9D995B6-7FB2-44A0-9B95-2870E6D22BA9}"
EndProject
Global
	GlobalSection(SolutionConfigurationPlatforms) = preSolution
		Debug|Any CPU = Debug|Any CPU
		Release|Any CPU = Release|Any CPU
	EndGlobalSection
	GlobalSection(ProjectConfigurationPlatforms) = postSolution
		{F9D995B6-7FB2-44A0-9B95-2870E6D22BA9}.Debug|Any CPU.ActiveCfg = Debug|Any CPU
		{F9D995B6-7FB2-44A0-9B95-2870E6D22BA9}.Debug|Any CPU.Build.0 = Debug|Any CPU
		{F9D995B6-7FB2-44A0-9B95-2870E6D22BA9}.Release|Any CPU.ActiveCfg = Release|Any CPU
		{F9D995B6-7FB2-44A0-9B95-2870E6D22BA9}.Release|Any CPU.Build.0 = Release|Any CPU
	EndGlobalSection
	GlobalSection(SolutionProperties) = preSolution
		HideSolutionNode = FALSE
	EndGlobalSection
	GlobalSection(ExtensibilityGlobals) = postSolution
		SolutionGuid = {047E6427-2A12-46C6-A873-B32EA33129E3}
	EndGlobalSection
EndGlobal
