
Microsoft Visual Studio Solution File, Format Version 12.00
# Visual Studio Version 16
VisualStudioVersion = 16.0.32901.82
MinimumVisualStudioVersion = 10.0.40219.1
Project("{FAE04EC0-301F-11D3-BF4B-00C04F79EFBC}") = "Mosaico", "Mosaico\Mosaico.csproj", "{901B70C7-E43F-4BCF-B7C4-8D135CF0317A}"
EndProject
Global
	GlobalSection(SolutionConfigurationPlatforms) = preSolution
		Debug|Any CPU = Debug|Any CPU
		Release|Any CPU = Release|Any CPU
	EndGlobalSection
	GlobalSection(ProjectConfigurationPlatforms) = postSolution
		{901B70C7-E43F-4BCF-B7C4-8D135CF0317A}.Debug|Any CPU.ActiveCfg = Debug|Any CPU
		{901B70C7-E43F-4BCF-B7C4-8D135CF0317A}.Debug|Any CPU.Build.0 = Debug|Any CPU
		{901B70C7-E43F-4BCF-B7C4-8D135CF0317A}.Release|Any CPU.ActiveCfg = Release|Any CPU
		{901B70C7-E43F-4BCF-B7C4-8D135CF0317A}.Release|Any CPU.Build.0 = Release|Any CPU
	EndGlobalSection
	GlobalSection(SolutionProperties) = preSolution
		HideSolutionNode = FALSE
	EndGlobalSection
	GlobalSection(ExtensibilityGlobals) = postSolution
		SolutionGuid = {ACD62D0D-60A9-4616-AF10-DA01AD3C6422}
	EndGlobalSection
EndGlobal
