
Microsoft Visual Studio Solution File, Format Version 12.00
# Visual Studio Version 16
VisualStudioVersion = 16.0.32901.82
MinimumVisualStudioVersion = 10.0.40219.1
Project("{FAE04EC0-301F-11D3-BF4B-00C04F79EFBC}") = "EquiposNBA", "EquiposNBA\EquiposNBA.csproj", "{0109B4B0-5FA5-4035-830A-BF670826D471}"
EndProject
Global
	GlobalSection(SolutionConfigurationPlatforms) = preSolution
		Debug|Any CPU = Debug|Any CPU
		Release|Any CPU = Release|Any CPU
	EndGlobalSection
	GlobalSection(ProjectConfigurationPlatforms) = postSolution
		{0109B4B0-5FA5-4035-830A-BF670826D471}.Debug|Any CPU.ActiveCfg = Debug|Any CPU
		{0109B4B0-5FA5-4035-830A-BF670826D471}.Debug|Any CPU.Build.0 = Debug|Any CPU
		{0109B4B0-5FA5-4035-830A-BF670826D471}.Release|Any CPU.ActiveCfg = Release|Any CPU
		{0109B4B0-5FA5-4035-830A-BF670826D471}.Release|Any CPU.Build.0 = Release|Any CPU
	EndGlobalSection
	GlobalSection(SolutionProperties) = preSolution
		HideSolutionNode = FALSE
	EndGlobalSection
	GlobalSection(ExtensibilityGlobals) = postSolution
		SolutionGuid = {2CAC44C2-41D8-4A7C-B1D3-468947FB621C}
	EndGlobalSection
EndGlobal
