
Microsoft Visual Studio Solution File, Format Version 12.00
# Visual Studio Version 16
VisualStudioVersion = 16.0.32901.82
MinimumVisualStudioVersion = 10.0.40219.1
Project("{FAE04EC0-301F-11D3-BF4B-00C04F79EFBC}") = "Actividad UT4-2-Binding con objeto", "Actividad UT4-2-Binding con objeto\Actividad UT4-2-Binding con objeto.csproj", "{DD79AD28-FDE8-4252-B023-188234CEECDA}"
EndProject
Global
	GlobalSection(SolutionConfigurationPlatforms) = preSolution
		Debug|Any CPU = Debug|Any CPU
		Release|Any CPU = Release|Any CPU
	EndGlobalSection
	GlobalSection(ProjectConfigurationPlatforms) = postSolution
		{DD79AD28-FDE8-4252-B023-188234CEECDA}.Debug|Any CPU.ActiveCfg = Debug|Any CPU
		{DD79AD28-FDE8-4252-B023-188234CEECDA}.Debug|Any CPU.Build.0 = Debug|Any CPU
		{DD79AD28-FDE8-4252-B023-188234CEECDA}.Release|Any CPU.ActiveCfg = Release|Any CPU
		{DD79AD28-FDE8-4252-B023-188234CEECDA}.Release|Any CPU.Build.0 = Release|Any CPU
	EndGlobalSection
	GlobalSection(SolutionProperties) = preSolution
		HideSolutionNode = FALSE
	EndGlobalSection
	GlobalSection(ExtensibilityGlobals) = postSolution
		SolutionGuid = {FAA2CB3F-06C3-41AB-A89C-CEEFC1671144}
	EndGlobalSection
EndGlobal
